{
  "name": "cql-execution-node-example",
  "version": "1.0.0",
  "lockfileVersion": 3,
  "requires": true,
  "packages": {
    "": {
      "name": "cql-execution-node-example",
      "version": "1.0.0",
      "dependencies": {
        "cql-execution": "file:../.."
      },
      "engines": {
        "node": ">=18"
      }
    },
    "../..": {
      "name": "cql-execution",
      "version": "3.3.2",
      "license": "Apache-2.0",
      "dependencies": {
        "@lhncbc/ucum-lhc": "^7.1.9",
        "immutable": "^5.1.6",
        "luxon": "^3.7.2"
      },
      "devDependencies": {
        "@types/luxon": "^3.7.2",
        "@types/mocha": "^10.0.10",
        "@types/node": "^24.13.3",
        "@types/should-sinon": "^0.0.13",
        "@types/sinon": "^22.0.0",
        "@types/test-console": "^2.0.3",
        "cross-env": "^10.1.0",
        "mocha": "^11.7.6",
        "nyc": "^18.0.0",
        "oxlint": "^1.76.0",
        "prettier": "^3.9.6",
        "should": "^13.2.3",
        "should-sinon": "0.0.6",
        "sinon": "^22.1.0",
        "test-console": "^2.0.0",
        "tsx": "^4.23.1",
        "typescript": "^7.0.2",
        "xml-js": "^1.6.11"
      }
    },
    "node_modules/cql-execution": {
      "resolved": "../..",
      "link": true
    }
  }
}
